// !$*UTF8*$!
{
	archiveVersion = 1;
	classes = {
	};
	objectVersion = 46;
	objects = {

/* Begin PBXBuildFile section */
		EE6454B61AB9A7B700278EDA /* AppDelegate.swift in Sources */ = {isa = PBXBuildFile; fileRef = EE6454B51AB9A7B700278EDA /* AppDelegate.swift */; };
		EE6454B81AB9A7B700278EDA /* ViewController.swift in Sources */ = {isa = PBXBuildFile; fileRef = EE6454B71AB9A7B700278EDA /* ViewController.swift */; };
		EE6454BB1AB9A7B700278EDA /* Main.storyboard in Resources */ = {isa = PBXBuildFile; fileRef = EE6454B91AB9A7B700278EDA /* Main.storyboard */; };
		EE6454BD1AB9A7B700278EDA /* Images.xcassets in Resources */ = {isa = PBXBuildFile; fileRef = EE6454BC1AB9A7B700278EDA /* Images.xcassets */; };
		EE6454C01AB9A7B700278EDA /* LaunchScreen.xib in Resources */ = {isa = PBXBuildFile; fileRef = EE6454BE1AB9A7B700278EDA /* LaunchScreen.xib */; };
		EE6454CC1AB9A7B700278EDA /* PlayThatSongTests.swift in Sources */ = {isa = PBXBuildFile; fileRef = EE6454CB1AB9A7B700278EDA /* PlayThatSongTests.swift */; };
		EE6BB3581AB9ADA200F23FB8 /* CLASSICAL SOLITUDE.wav in Resources */ = {isa = PBXBuildFile; fileRef = EE6BB3551AB9ADA200F23FB8 /* CLASSICAL SOLITUDE.wav */; };
		EE6BB3591AB9ADA200F23FB8 /* Timothy Pinkham - The Knolls of Doldesh.mp3 in Resources */ = {isa = PBXBuildFile; fileRef = EE6BB3561AB9ADA200F23FB8 /* Timothy Pinkham - The Knolls of Doldesh.mp3 */; };
		EE6BB35A1AB9ADA200F23FB8 /* Open Source - Sending My Signal.mp3 in Resources */ = {isa = PBXBuildFile; fileRef = EE6BB3571AB9ADA200F23FB8 /* Open Source - Sending My Signal.mp3 */; };
		EE6BB35C1AB9AE4300F23FB8 /* AVFoundation.framework in Frameworks */ = {isa = PBXBuildFile; fileRef = EE6BB35B1AB9AE4300F23FB8 /* AVFoundation.framework */; };
		EE9B7ECF1AB9A8C900260060 /* InterfaceController.swift in Sources */ = {isa = PBXBuildFile; fileRef = EE9B7ECE1AB9A8C900260060 /* InterfaceController.swift */; };
		EE9B7ED11AB9A8C900260060 /* Images.xcassets in Resources */ = {isa = PBXBuildFile; fileRef = EE9B7ED01AB9A8C900260060 /* Images.xcassets */; };
		EE9B7ED51AB9A8C900260060 /* PlayThatSong WatchKit App.app in Resources */ = {isa = PBXBuildFile; fileRef = EE9B7ED41AB9A8C900260060 /* PlayThatSong WatchKit App.app */; };
		EE9B7EDD1AB9A8C900260060 /* Interface.storyboard in Resources */ = {isa = PBXBuildFile; fileRef = EE9B7EDB1AB9A8C900260060 /* Interface.storyboard */; };
		EE9B7EDF1AB9A8C900260060 /* Images.xcassets in Resources */ = {isa = PBXBuildFile; fileRef = EE9B7EDE1AB9A8C900260060 /* Images.xcassets */; };
		EE9B7EE21AB9A8C900260060 /* PlayThatSong WatchKit Extension.appex in Embed App Extensions */ = {isa = PBXBuildFile; fileRef = EE9B7ECA1AB9A8C900260060 /* PlayThatSong WatchKit Extension.appex */; settings = {ATTRIBUTES = (RemoveHeadersOnCopy, ); }; };
/* End PBXBuildFile section */

/* Begin PBXContainerItemProxy section */
		EE6454C61AB9A7B700278EDA /* PBXContainerItemProxy */ = {
			isa = PBXContainerItemProxy;
			containerPortal = EE6454A81AB9A7B700278EDA /* Project object */;
			proxyType = 1;
			remoteGlobalIDString = EE6454AF1AB9A7B700278EDA;
			remoteInfo = PlayThatSong;
		};
		EE9B7ED61AB9A8C900260060 /* PBXContainerItemProxy */ = {
			isa = PBXContainerItemProxy;
			containerPortal = EE6454A81AB9A7B700278EDA /* Project object */;
			proxyType = 1;
			remoteGlobalIDString = EE9B7ED31AB9A8C900260060;
			remoteInfo = "PlayThatSong WatchKit App";
		};
		EE9B7EE01AB9A8C900260060 /* PBXContainerItemProxy */ = {
			isa = PBXContainerItemProxy;
			containerPortal = EE6454A81AB9A7B700278EDA /* Project object */;
			proxyType = 1;
			remoteGlobalIDString = EE9B7EC91AB9A8C900260060;
			remoteInfo = "PlayThatSong WatchKit Extension";
		};
/* End PBXContainerItemProxy section */

/* Begin PBXCopyFilesBuildPhase section */
		EE9B7EE91AB9A8C900260060 /* Embed App Extensions */ = {
			isa = PBXCopyFilesBuildPhase;
			buildActionMask = 2147483647;
			dstPath = "";
			dstSubfolderSpec = 13;
			files = (
				EE9B7EE21AB9A8C900260060 /* PlayThatSong WatchKit Extension.appex in Embed App Extensions */,
			);
			name = "Embed App Extensions";
			runOnlyForDeploymentPostprocessing = 0;
		};
/* End PBXCopyFilesBuildPhase section */

/* Begin PBXFileReference section */
		EE6454B01AB9A7B700278EDA /* PlayThatSong.app */ = {isa = PBXFileReference; explicitFileType = wrapper.application; includeInIndex = 0; path = PlayThatSong.app; sourceTree = BUILT_PRODUCTS_DIR; };
		EE6454B41AB9A7B700278EDA /* Info.plist */ = {isa = PBXFileReference; lastKnownFileType = text.plist.xml; path = Info.plist; sourceTree = "<group>"; };
		EE6454B51AB9A7B700278EDA /* AppDelegate.swift */ = {isa = PBXFileReference; lastKnownFileType = sourcecode.swift; path = AppDelegate.swift; sourceTree = "<group>"; };
		EE6454B71AB9A7B700278EDA /* ViewController.swift */ = {isa = PBXFileReference; lastKnownFileType = sourcecode.swift; path = ViewController.swift; sourceTree = "<group>"; };
		EE6454BA1AB9A7B700278EDA /* Base */ = {isa = PBXFileReference; lastKnownFileType = file.storyboard; name = Base; path = Base.lproj/Main.storyboard; sourceTree = "<group>"; };
		EE6454BC1AB9A7B700278EDA /* Images.xcassets */ = {isa = PBXFileReference; lastKnownFileType = folder.assetcatalog; path = Images.xcassets; sourceTree = "<group>"; };
		EE6454BF1AB9A7B700278EDA /* Base */ = {isa = PBXFileReference; lastKnownFileType = file.xib; name = Base; path = Base.lproj/LaunchScreen.xib; sourceTree = "<group>"; };
		EE6454C51AB9A7B700278EDA /* PlayThatSongTests.xctest */ = {isa = PBXFileReference; explicitFileType = wrapper.cfbundle; includeInIndex = 0; path = PlayThatSongTests.xctest; sourceTree = BUILT_PRODUCTS_DIR; };
		EE6454CA1AB9A7B700278EDA /* Info.plist */ = {isa = PBXFileReference; lastKnownFileType = text.plist.xml; path = Info.plist; sourceTree = "<group>"; };
		EE6454CB1AB9A7B700278EDA /* PlayThatSongTests.swift */ = {isa = PBXFileReference; lastKnownFileType = sourcecode.swift; path = PlayThatSongTests.swift; sourceTree = "<group>"; };
		EE6BB3551AB9ADA200F23FB8 /* CLASSICAL SOLITUDE.wav */ = {isa = PBXFileReference; lastKnownFileType = audio.wav; path = "CLASSICAL SOLITUDE.wav"; sourceTree = "<group>"; };
		EE6BB3561AB9ADA200F23FB8 /* Timothy Pinkham - The Knolls of Doldesh.mp3 */ = {isa = PBXFileReference; lastKnownFileType = audio.mp3; path = "Timothy Pinkham - The Knolls of Doldesh.mp3"; sourceTree = "<group>"; };
		EE6BB3571AB9ADA200F23FB8 /* Open Source - Sending My Signal.mp3 */ = {isa = PBXFileReference; lastKnownFileType = audio.mp3; path = "Open Source - Sending My Signal.mp3"; sourceTree = "<group>"; };
		EE6BB35B1AB9AE4300F23FB8 /* AVFoundation.framework */ = {isa = PBXFileReference; lastKnownFileType = wrapper.framework; name = AVFoundation.framework; path = System/Library/Frameworks/AVFoundation.framework; sourceTree = SDKROOT; };
		EE9B7ECA1AB9A8C900260060 /* PlayThatSong WatchKit Extension.appex */ = {isa = PBXFileReference; explicitFileType = "wrapper.app-extension"; includeInIndex = 0; path = "PlayThatSong WatchKit Extension.appex"; sourceTree = BUILT_PRODUCTS_DIR; };
		EE9B7ECD1AB9A8C900260060 /* Info.plist */ = {isa = PBXFileReference; lastKnownFileType = text.plist.xml; path = Info.plist; sourceTree = "<group>"; };
		EE9B7ECE1AB9A8C900260060 /* InterfaceController.swift */ = {isa = PBXFileReference; lastKnownFileType = sourcecode.swift; path = InterfaceController.swift; sourceTree = "<group>"; };
		EE9B7ED01AB9A8C900260060 /* Images.xcassets */ = {isa = PBXFileReference; lastKnownFileType = folder.assetcatalog; path = Images.xcassets; sourceTree = "<group>"; };
		EE9B7ED41AB9A8C900260060 /* PlayThatSong WatchKit App.app */ = {isa = PBXFileReference; explicitFileType = wrapper.application; includeInIndex = 0; path = "PlayThatSong WatchKit App.app"; sourceTree = BUILT_PRODUCTS_DIR; };
		EE9B7EDA1AB9A8C900260060 /* Info.plist */ = {isa = PBXFileReference; lastKnownFileType = text.plist.xml; path = Info.plist; sourceTree = "<group>"; };
		EE9B7EDC1AB9A8C900260060 /* Base */ = {isa = PBXFileReference; lastKnownFileType = file.storyboard; name = Base; path = Base.lproj/Interface.storyboard; sourceTree = "<group>"; };
		EE9B7EDE1AB9A8C900260060 /* Images.xcassets */ = {isa = PBXFileReference; lastKnownFileType = folder.assetcatalog; path = Images.xcassets; sourceTree = "<group>"; };
/* End PBXFileReference section */

/* Begin PBXFrameworksBuildPhase section */
		EE6454AD1AB9A7B700278EDA /* Frameworks */ = {
			isa = PBXFrameworksBuildPhase;
			buildActionMask = 2147483647;
			files = (
				EE6BB35C1AB9AE4300F23FB8 /* AVFoundation.framework in Frameworks */,
			);
			runOnlyForDeploymentPostprocessing = 0;
		};
		EE6454C21AB9A7B700278EDA /* Frameworks */ = {
			isa = PBXFrameworksBuildPhase;
			buildActionMask = 2147483647;
			files = (
			);
			runOnlyForDeploymentPostprocessing = 0;
		};
		EE9B7EC71AB9A8C900260060 /* Frameworks */ = {
			isa = PBXFrameworksBuildPhase;
			buildActionMask = 2147483647;
			files = (
			);
			runOnlyForDeploymentPostprocessing = 0;
		};
/* End PBXFrameworksBuildPhase section */

/* Begin PBXGroup section */
		EE6454A71AB9A7B700278EDA = {
			isa = PBXGroup;
			children = (
				EE6454B21AB9A7B700278EDA /* PlayThatSong */,
				EE6454C81AB9A7B700278EDA /* PlayThatSongTests */,
				EE9B7ECB1AB9A8C900260060 /* PlayThatSong WatchKit Extension */,
				EE9B7ED81AB9A8C900260060 /* PlayThatSong WatchKit App */,
				EE6454B11AB9A7B700278EDA /* Products */,
			);
			sourceTree = "<group>";
		};
		EE6454B11AB9A7B700278EDA /* Products */ = {
			isa = PBXGroup;
			children = (
				EE6454B01AB9A7B700278EDA /* PlayThatSong.app */,
				EE6454C51AB9A7B700278EDA /* PlayThatSongTests.xctest */,
				EE9B7ECA1AB9A8C900260060 /* PlayThatSong WatchKit Extension.appex */,
				EE9B7ED41AB9A8C900260060 /* PlayThatSong WatchKit App.app */,
			);
			name = Products;
			sourceTree = "<group>";
		};
		EE6454B21AB9A7B700278EDA /* PlayThatSong */ = {
			isa = PBXGroup;
			children = (
				EE6454B51AB9A7B700278EDA /* AppDelegate.swift */,
				EE6454B71AB9A7B700278EDA /* ViewController.swift */,
				EE6454B91AB9A7B700278EDA /* Main.storyboard */,
				EE6454BC1AB9A7B700278EDA /* Images.xcassets */,
				EE6454BE1AB9A7B700278EDA /* LaunchScreen.xib */,
				EE6454B31AB9A7B700278EDA /* Supporting Files */,
			);
			path = PlayThatSong;
			sourceTree = "<group>";
		};
		EE6454B31AB9A7B700278EDA /* Supporting Files */ = {
			isa = PBXGroup;
			children = (
				EE6BB35B1AB9AE4300F23FB8 /* AVFoundation.framework */,
				EE6BB3551AB9ADA200F23FB8 /* CLASSICAL SOLITUDE.wav */,
				EE6BB3561AB9ADA200F23FB8 /* Timothy Pinkham - The Knolls of Doldesh.mp3 */,
				EE6BB3571AB9ADA200F23FB8 /* Open Source - Sending My Signal.mp3 */,
				EE6454B41AB9A7B700278EDA /* Info.plist */,
			);
			name = "Supporting Files";
			sourceTree = "<group>";
		};
		EE6454C81AB9A7B700278EDA /* PlayThatSongTests */ = {
			isa = PBXGroup;
			children = (
				EE6454CB1AB9A7B700278EDA /* PlayThatSongTests.swift */,
				EE6454C91AB9A7B700278EDA /* Supporting Files */,
			);
			path = PlayThatSongTests;
			sourceTree = "<group>";
		};
		EE6454C91AB9A7B700278EDA /* Supporting Files */ = {
			isa = PBXGroup;
			children = (
				EE6454CA1AB9A7B700278EDA /* Info.plist */,
			);
			name = "Supporting Files";
			sourceTree = "<group>";
		};
		EE9B7ECB1AB9A8C900260060 /* PlayThatSong WatchKit Extension */ = {
			isa = PBXGroup;
			children = (
				EE9B7ECE1AB9A8C900260060 /* InterfaceController.swift */,
				EE9B7ED01AB9A8C900260060 /* Images.xcassets */,
				EE9B7ECC1AB9A8C900260060 /* Supporting Files */,
			);
			path = "PlayThatSong WatchKit Extension";
			sourceTree = "<group>";
		};
		EE9B7ECC1AB9A8C900260060 /* Supporting Files */ = {
			isa = PBXGroup;
			children = (
				EE9B7ECD1AB9A8C900260060 /* Info.plist */,
			);
			name = "Supporting Files";
			sourceTree = "<group>";
		};
		EE9B7ED81AB9A8C900260060 /* PlayThatSong WatchKit App */ = {
			isa = PBXGroup;
			children = (
				EE9B7EDB1AB9A8C900260060 /* Interface.storyboard */,
				EE9B7EDE1AB9A8C900260060 /* Images.xcassets */,
				EE9B7ED91AB9A8C900260060 /* Supporting Files */,
			);
			path = "PlayThatSong WatchKit App";
			sourceTree = "<group>";
		};
		EE9B7ED91AB9A8C900260060 /* Supporting Files */ = {
			isa = PBXGroup;
			children = (
				EE9B7EDA1AB9A8C900260060 /* Info.plist */,
			);
			name = "Supporting Files";
			sourceTree = "<group>";
		};
/* End PBXGroup section */

/* Begin PBXNativeTarget section */
		EE6454AF1AB9A7B700278EDA /* PlayThatSong */ = {
			isa = PBXNativeTarget;
			buildConfigurationList = EE6454CF1AB9A7B700278EDA /* Build configuration list for PBXNativeTarget "PlayThatSong" */;
			buildPhases = (
				EE6454AC1AB9A7B700278EDA /* Sources */,
				EE6454AD1AB9A7B700278EDA /* Frameworks */,
				EE6454AE1AB9A7B700278EDA /* Resources */,
				EE9B7EE91AB9A8C900260060 /* Embed App Extensions */,
			);
			buildRules = (
			);
			dependencies = (
				EE9B7EE11AB9A8C900260060 /* PBXTargetDependency */,
			);
			name = PlayThatSong;
			productName = PlayThatSong;
			productReference = EE6454B01AB9A7B700278EDA /* PlayThatSong.app */;
			productType = "com.apple.product-type.application";
		};
		EE6454C41AB9A7B700278EDA /* PlayThatSongTests */ = {
			isa = PBXNativeTarget;
			buildConfigurationList = EE6454D21AB9A7B700278EDA /* Build configuration list for PBXNativeTarget "PlayThatSongTests" */;
			buildPhases = (
				EE6454C11AB9A7B700278EDA /* Sources */,
				EE6454C21AB9A7B700278EDA /* Frameworks */,
				EE6454C31AB9A7B700278EDA /* Resources */,
			);
			buildRules = (
			);
			dependencies = (
				EE6454C71AB9A7B700278EDA /* PBXTargetDependency */,
			);
			name = PlayThatSongTests;
			productName = PlayThatSongTests;
			productReference = EE6454C51AB9A7B700278EDA /* PlayThatSongTests.xctest */;
			productType = "com.apple.product-type.bundle.unit-test";
		};
		EE9B7EC91AB9A8C900260060 /* PlayThatSong WatchKit Extension */ = {
			isa = PBXNativeTarget;
			buildConfigurationList = EE9B7EE81AB9A8C900260060 /* Build configuration list for PBXNativeTarget "PlayThatSong WatchKit Extension" */;
			buildPhases = (
				EE9B7EC61AB9A8C900260060 /* Sources */,
				EE9B7EC71AB9A8C900260060 /* Frameworks */,
				EE9B7EC81AB9A8C900260060 /* Resources */,
			);
			buildRules = (
			);
			dependencies = (
				EE9B7ED71AB9A8C900260060 /* PBXTargetDependency */,
			);
			name = "PlayThatSong WatchKit Extension";
			productName = "PlayThatSong WatchKit Extension";
			productReference = EE9B7ECA1AB9A8C900260060 /* PlayThatSong WatchKit Extension.appex */;
			productType = "com.apple.product-type.watchkit-extension";
		};
		EE9B7ED31AB9A8C900260060 /* PlayThatSong WatchKit App */ = {
			isa = PBXNativeTarget;
			buildConfigurationList = EE9B7EE71AB9A8C900260060 /* Build configuration list for PBXNativeTarget "PlayThatSong WatchKit App" */;
			buildPhases = (
				EE9B7ED21AB9A8C900260060 /* Resources */,
			);
			buildRules = (
			);
			dependencies = (
			);
			name = "PlayThatSong WatchKit App";
			productName = "PlayThatSong WatchKit App";
			productReference = EE9B7ED41AB9A8C900260060 /* PlayThatSong WatchKit App.app */;
			productType = "com.apple.product-type.application.watchapp";
		};
/* End PBXNativeTarget section */

/* Begin PBXProject section */
		EE6454A81AB9A7B700278EDA /* Project object */ = {
			isa = PBXProject;
			attributes = {
				LastUpgradeCheck = 0620;
				ORGANIZATIONNAME = "jonas-baer.com";
				TargetAttributes = {
					EE6454AF1AB9A7B700278EDA = {
						CreatedOnToolsVersion = 6.2;
					};
					EE6454C41AB9A7B700278EDA = {
						CreatedOnToolsVersion = 6.2;
						TestTargetID = EE6454AF1AB9A7B700278EDA;
					};
					EE9B7EC91AB9A8C900260060 = {
						CreatedOnToolsVersion = 6.2;
					};
					EE9B7ED31AB9A8C900260060 = {
						CreatedOnToolsVersion = 6.2;
					};
				};
			};
			buildConfigurationList = EE6454AB1AB9A7B700278EDA /* Build configuration list for PBXProject "PlayThatSong" */;
			compatibilityVersion = "Xcode 3.2";
			developmentRegion = English;
			hasScannedForEncodings = 0;
			knownRegions = (
				en,
				Base,
			);
			mainGroup = EE6454A71AB9A7B700278EDA;
			productRefGroup = EE6454B11AB9A7B700278EDA /* Products */;
			projectDirPath = "";
			projectRoot = "";
			targets = (
				EE6454AF1AB9A7B700278EDA /* PlayThatSong */,
				EE6454C41AB9A7B700278EDA /* PlayThatSongTests */,
				EE9B7EC91AB9A8C900260060 /* PlayThatSong WatchKit Extension */,
				EE9B7ED31AB9A8C900260060 /* PlayThatSong WatchKit App */,
			);
		};
/* End PBXProject section */

/* Begin PBXResourcesBuildPhase section */
		EE6454AE1AB9A7B700278EDA /* Resources */ = {
			isa = PBXResourcesBuildPhase;
			buildActionMask = 2147483647;
			files = (
				EE6BB3591AB9ADA200F23FB8 /* Timothy Pinkham - The Knolls of Doldesh.mp3 in Resources */,
				EE6454BB1AB9A7B700278EDA /* Main.storyboard in Resources */,
				EE6454C01AB9A7B700278EDA /* LaunchScreen.xib in Resources */,
				EE6BB3581AB9ADA200F23FB8 /* CLASSICAL SOLITUDE.wav in Resources */,
				EE6454BD1AB9A7B700278EDA /* Images.xcassets in Resources */,
				EE6BB35A1AB9ADA200F23FB8 /* Open Source - Sending My Signal.mp3 in Resources */,
			);
			runOnlyForDeploymentPostprocessing = 0;
		};
		EE6454C31AB9A7B700278EDA /* Resources */ = {
			isa = PBXResourcesBuildPhase;
			buildActionMask = 2147483647;
			files = (
			);
			runOnlyForDeploymentPostprocessing = 0;
		};
		EE9B7EC81AB9A8C900260060 /* Resources */ = {
			isa = PBXResourcesBuildPhase;
			buildActionMask = 2147483647;
			files = (
				EE9B7ED51AB9A8C900260060 /* PlayThatSong WatchKit App.app in Resources */,
				EE9B7ED11AB9A8C900260060 /* Images.xcassets in Resources */,
			);
			runOnlyForDeploymentPostprocessing = 0;
		};
		EE9B7ED21AB9A8C900260060 /* Resources */ = {
			isa = PBXResourcesBuildPhase;
			buildActionMask = 2147483647;
			files = (
				EE9B7EDD1AB9A8C900260060 /* Interface.storyboard in Resources */,
				EE9B7EDF1AB9A8C900260060 /* Images.xcassets in Resources */,
			);
			runOnlyForDeploymentPostprocessing = 0;
		};
/* End PBXResourcesBuildPhase section */

/* Begin PBXSourcesBuildPhase section */
		EE6454AC1AB9A7B700278EDA /* Sources */ = {
			isa = PBXSourcesBuildPhase;
			buildActionMask = 2147483647;
			files = (
				EE6454B81AB9A7B700278EDA /* ViewController.swift in Sources */,
				EE6454B61AB9A7B700278EDA /* AppDelegate.swift in Sources */,
			);
			runOnlyForDeploymentPostprocessing = 0;
		};
		EE6454C11AB9A7B700278EDA /* Sources */ = {
			isa = PBXSourcesBuildPhase;
			buildActionMask = 2147483647;
			files = (
				EE6454CC1AB9A7B700278EDA /* PlayThatSongTests.swift in Sources */,
			);
			runOnlyForDeploymentPostprocessing = 0;
		};
		EE9B7EC61AB9A8C900260060 /* Sources */ = {
			isa = PBXSourcesBuildPhase;
			buildActionMask = 2147483647;
			files = (
				EE9B7ECF1AB9A8C900260060 /* InterfaceController.swift in Sources */,
			);
			runOnlyForDeploymentPostprocessing = 0;
		};
/* End PBXSourcesBuildPhase section */

/* Begin PBXTargetDependency section */
		EE6454C71AB9A7B700278EDA /* PBXTargetDependency */ = {
			isa = PBXTargetDependency;
			target = EE6454AF1AB9A7B700278EDA /* PlayThatSong */;
			targetProxy = EE6454C61AB9A7B700278EDA /* PBXContainerItemProxy */;
		};
		EE9B7ED71AB9A8C900260060 /* PBXTargetDependency */ = {
			isa = PBXTargetDependency;
			target = EE9B7ED31AB9A8C900260060 /* PlayThatSong WatchKit App */;
			targetProxy = EE9B7ED61AB9A8C900260060 /* PBXContainerItemProxy */;
		};
		EE9B7EE11AB9A8C900260060 /* PBXTargetDependency */ = {
			isa = PBXTargetDependency;
			target = EE9B7EC91AB9A8C900260060 /* PlayThatSong WatchKit Extension */;
			targetProxy = EE9B7EE01AB9A8C900260060 /* PBXContainerItemProxy */;
		};
/* End PBXTargetDependency section */

/* Begin PBXVariantGroup section */
		EE6454B91AB9A7B700278EDA /* Main.storyboard */ = {
			isa = PBXVariantGroup;
			children = (
				EE6454BA1AB9A7B700278EDA /* Base */,
			);
			name = Main.storyboard;
			sourceTree = "<group>";
		};
		EE6454BE1AB9A7B700278EDA /* LaunchScreen.xib */ = {
			isa = PBXVariantGroup;
			children = (
				EE6454BF1AB9A7B700278EDA /* Base */,
			);
			name = LaunchScreen.xib;
			sourceTree = "<group>";
		};
		EE9B7EDB1AB9A8C900260060 /* Interface.storyboard */ = {
			isa = PBXVariantGroup;
			children = (
				EE9B7EDC1AB9A8C900260060 /* Base */,
			);
			name = Interface.storyboard;
			sourceTree = "<group>";
		};
/* End PBXVariantGroup section */

/* Begin XCBuildConfiguration section */
		EE6454CD1AB9A7B700278EDA /* Debug */ = {
			isa = XCBuildConfiguration;
			buildSettings = {
				ALWAYS_SEARCH_USER_PATHS = NO;
				CLANG_CXX_LANGUAGE_STANDARD = "gnu++0x";
				CLANG_CXX_LIBRARY = "libc++";
				CLANG_ENABLE_MODULES = YES;
				CLANG_ENABLE_OBJC_ARC = YES;
				CLANG_WARN_BOOL_CONVERSION = YES;
				CLANG_WARN_CONSTANT_CONVERSION = YES;
				CLANG_WARN_DIRECT_OBJC_ISA_USAGE = YES_ERROR;
				CLANG_WARN_EMPTY_BODY = YES;
				CLANG_WARN_ENUM_CONVERSION = YES;
				CLANG_WARN_INT_CONVERSION = YES;
				CLANG_WARN_OBJC_ROOT_CLASS = YES_ERROR;
				CLANG_WARN_UNREACHABLE_CODE = YES;
				CLANG_WARN__DUPLICATE_METHOD_MATCH = YES;
				"CODE_SIGN_IDENTITY[sdk=iphoneos*]" = "iPhone Developer";
				COPY_PHASE_STRIP = NO;
				ENABLE_STRICT_OBJC_MSGSEND = YES;
				GCC_C_LANGUAGE_STANDARD = gnu99;
				GCC_DYNAMIC_NO_PIC = NO;
				GCC_OPTIMIZATION_LEVEL = 0;
				GCC_PREPROCESSOR_DEFINITIONS = (
					"DEBUG=1",
					"$(inherited)",
				);
				GCC_SYMBOLS_PRIVATE_EXTERN = NO;
				GCC_WARN_64_TO_32_BIT_CONVERSION = YES;
				GCC_WARN_ABOUT_RETURN_TYPE = YES_ERROR;
				GCC_WARN_UNDECLARED_SELECTOR = YES;
				GCC_WARN_UNINITIALIZED_AUTOS = YES_AGGRESSIVE;
				GCC_WARN_UNUSED_FUNCTION = YES;
				GCC_WARN_UNUSED_VARIABLE = YES;
				IPHONEOS_DEPLOYMENT_TARGET = 8.2;
				MTL_ENABLE_DEBUG_INFO = YES;
				ONLY_ACTIVE_ARCH = YES;
				SDKROOT = iphoneos;
				SWIFT_OPTIMIZATION_LEVEL = "-Onone";
			};
			name = Debug;
		};
		EE6454CE1AB9A7B700278EDA /* Release */ = {
			isa = XCBuildConfiguration;
			buildSettings = {
				ALWAYS_SEARCH_USER_PATHS = NO;
				CLANG_CXX_LANGUAGE_STANDARD = "gnu++0x";
				CLANG_CXX_LIBRARY = "libc++";
				CLANG_ENABLE_MODULES = YES;
				CLANG_ENABLE_OBJC_ARC = YES;
				CLANG_WARN_BOOL_CONVERSION = YES;
				CLANG_WARN_CONSTANT_CONVERSION = YES;
				CLANG_WARN_DIRECT_OBJC_ISA_USAGE = YES_ERROR;
				CLANG_WARN_EMPTY_BODY = YES;
				CLANG_WARN_ENUM_CONVERSION = YES;
				CLANG_WARN_INT_CONVERSION = YES;
				CLANG_WARN_OBJC_ROOT_CLASS = YES_ERROR;
				CLANG_WARN_UNREACHABLE_CODE = YES;
				CLANG_WARN__DUPLICATE_METHOD_MATCH = YES;
				"CODE_SIGN_IDENTITY[sdk=iphoneos*]" = "iPhone Developer";
				COPY_PHASE_STRIP = NO;
				ENABLE_NS_ASSERTIONS = NO;
				ENABLE_STRICT_OBJC_MSGSEND = YES;
				GCC_C_LANGUAGE_STANDARD = gnu99;
				GCC_WARN_64_TO_32_BIT_CONVERSION = YES;
				GCC_WARN_ABOUT_RETURN_TYPE = YES_ERROR;
				GCC_WARN_UNDECLARED_SELECTOR = YES;
				GCC_WARN_UNINITIALIZED_AUTOS = YES_AGGRESSIVE;
				GCC_WARN_UNUSED_FUNCTION = YES;
				GCC_WARN_UNUSED_VARIABLE = YES;
				IPHONEOS_DEPLOYMENT_TARGET = 8.2;
				MTL_ENABLE_DEBUG_INFO = NO;
				SDKROOT = iphoneos;
				VALIDATE_PRODUCT = YES;
			};
			name = Release;
		};
		EE6454D01AB9A7B700278EDA /* Debug */ = {
			isa = XCBuildConfiguration;
			buildSettings = {
				ASSETCATALOG_COMPILER_APPICON_NAME = AppIcon;
				EMBEDDED_CONTENT_CONTAINS_SWIFT = YES;
				INFOPLIST_FILE = PlayThatSong/Info.plist;
				LD_RUNPATH_SEARCH_PATHS = "$(inherited) @executable_path/Frameworks";
				PRODUCT_NAME = "$(TARGET_NAME)";
			};
			name = Debug;
		};
		EE6454D11AB9A7B700278EDA /* Release */ = {
			isa = XCBuildConfiguration;
			buildSettings = {
				ASSETCATALOG_COMPILER_APPICON_NAME = AppIcon;
				EMBEDDED_CONTENT_CONTAINS_SWIFT = YES;
				INFOPLIST_FILE = PlayThatSong/Info.plist;
				LD_RUNPATH_SEARCH_PATHS = "$(inherited) @executable_path/Frameworks";
				PRODUCT_NAME = "$(TARGET_NAME)";
			};
			name = Release;
		};
		EE6454D31AB9A7B700278EDA /* Debug */ = {
			isa = XCBuildConfiguration;
			buildSettings = {
				BUNDLE_LOADER = "$(TEST_HOST)";
				FRAMEWORK_SEARCH_PATHS = (
					"$(SDKROOT)/Developer/Library/Frameworks",
					"$(inherited)",
				);
				GCC_PREPROCESSOR_DEFINITIONS = (
					"DEBUG=1",
					"$(inherited)",
				);
				INFOPLIST_FILE = PlayThatSongTests/Info.plist;
				LD_RUNPATH_SEARCH_PATHS = "$(inherited) @executable_path/Frameworks @loader_path/Frameworks";
				PRODUCT_NAME = "$(TARGET_NAME)";
				TEST_HOST = "$(BUILT_PRODUCTS_DIR)/PlayThatSong.app/PlayThatSong";
			};
			name = Debug;
		};
		EE6454D41AB9A7B700278EDA /* Release */ = {
			isa = XCBuildConfiguration;
			buildSettings = {
				BUNDLE_LOADER = "$(TEST_HOST)";
				FRAMEWORK_SEARCH_PATHS = (
					"$(SDKROOT)/Developer/Library/Frameworks",
					"$(inherited)",
				);
				INFOPLIST_FILE = PlayThatSongTests/Info.plist;
				LD_RUNPATH_SEARCH_PATHS = "$(inherited) @executable_path/Frameworks @loader_path/Frameworks";
				PRODUCT_NAME = "$(TARGET_NAME)";
				TEST_HOST = "$(BUILT_PRODUCTS_DIR)/PlayThatSong.app/PlayThatSong";
			};
			name = Release;
		};
		EE9B7EE31AB9A8C900260060 /* Debug */ = {
			isa = XCBuildConfiguration;
			buildSettings = {
				GCC_PREPROCESSOR_DEFINITIONS = (
					"DEBUG=1",
					"$(inherited)",
				);
				INFOPLIST_FILE = "PlayThatSong WatchKit Extension/Info.plist";
				LD_RUNPATH_SEARCH_PATHS = "$(inherited) @executable_path/Frameworks @executable_path/../../Frameworks";
				PRODUCT_NAME = "${TARGET_NAME}";
				SKIP_INSTALL = YES;
			};
			name = Debug;
		};
		EE9B7EE41AB9A8C900260060 /* Release */ = {
			isa = XCBuildConfiguration;
			buildSettings = {
				INFOPLIST_FILE = "PlayThatSong WatchKit Extension/Info.plist";
				LD_RUNPATH_SEARCH_PATHS = "$(inherited) @executable_path/Frameworks @executable_path/../../Frameworks";
				PRODUCT_NAME = "${TARGET_NAME}";
				SKIP_INSTALL = YES;
			};
			name = Release;
		};
		EE9B7EE51AB9A8C900260060 /* Debug */ = {
			isa = XCBuildConfiguration;
			buildSettings = {
				ASSETCATALOG_COMPILER_APPICON_NAME = AppIcon;
				GCC_PREPROCESSOR_DEFINITIONS = (
					"DEBUG=1",
					"$(inherited)",
				);
				IBSC_MODULE = PlayThatSong_WatchKit_Extension;
				INFOPLIST_FILE = "PlayThatSong WatchKit App/Info.plist";
				PRODUCT_NAME = "$(TARGET_NAME)";
				SKIP_INSTALL = YES;
				TARGETED_DEVICE_FAMILY = 4;
				"TARGETED_DEVICE_FAMILY[sdk=iphonesimulator*]" = "1,4";
			};
			name = Debug;
		};
		EE9B7EE61AB9A8C900260060 /* Release */ = {
			isa = XCBuildConfiguration;
			buildSettings = {
				ASSETCATALOG_COMPILER_APPICON_NAME = AppIcon;
				IBSC_MODULE = PlayThatSong_WatchKit_Extension;
				INFOPLIST_FILE = "PlayThatSong WatchKit App/Info.plist";
				PRODUCT_NAME = "$(TARGET_NAME)";
				SKIP_INSTALL = YES;
				TARGETED_DEVICE_FAMILY = 4;
				"TARGETED_DEVICE_FAMILY[sdk=iphonesimulator*]" = "1,4";
			};
			name = Release;
		};
/* End XCBuildConfiguration section */

/* Begin XCConfigurationList section */
		EE6454AB1AB9A7B700278EDA /* Build configuration list for PBXProject "PlayThatSong" */ = {
			isa = XCConfigurationList;
			buildConfigurations = (
				EE6454CD1AB9A7B700278EDA /* Debug */,
				EE6454CE1AB9A7B700278EDA /* Release */,
			);
			defaultConfigurationIsVisible = 0;
			defaultConfigurationName = Release;
		};
		EE6454CF1AB9A7B700278EDA /* Build configuration list for PBXNativeTarget "PlayThatSong" */ = {
			isa = XCConfigurationList;
			buildConfigurations = (
				EE6454D01AB9A7B700278EDA /* Debug */,
				EE6454D11AB9A7B700278EDA /* Release */,
			);
			defaultConfigurationIsVisible = 0;
			defaultConfigurationName = Release;
		};
		EE6454D21AB9A7B700278EDA /* Build configuration list for PBXNativeTarget "PlayThatSongTests" */ = {
			isa = XCConfigurationList;
			buildConfigurations = (
				EE6454D31AB9A7B700278EDA /* Debug */,
				EE6454D41AB9A7B700278EDA /* Release */,
			);
			defaultConfigurationIsVisible = 0;
			defaultConfigurationName = Release;
		};
		EE9B7EE71AB9A8C900260060 /* Build configuration list for PBXNativeTarget "PlayThatSong WatchKit App" */ = {
			isa = XCConfigurationList;
			buildConfigurations = (
				EE9B7EE51AB9A8C900260060 /* Debug */,
				EE9B7EE61AB9A8C900260060 /* Release */,
			);
			defaultConfigurationIsVisible = 0;
			defaultConfigurationName = Release;
		};
		EE9B7EE81AB9A8C900260060 /* Build configuration list for PBXNativeTarget "PlayThatSong WatchKit Extension" */ = {
			isa = XCConfigurationList;
			buildConfigurations = (
				EE9B7EE31AB9A8C900260060 /* Debug */,
				EE9B7EE41AB9A8C900260060 /* Release */,
			);
			defaultConfigurationIsVisible = 0;
			defaultConfigurationName = Release;
		};
/* End XCConfigurationList section */
	};
	rootObject = EE6454A81AB9A7B700278EDA /* Project object */;
}
